github.com/gohugoio/hugo-mod-jslibs-dist/popperjs/v2 v2.21100.20000 h1:GZxx4Hc+yb0/t3/rau1j8XlAxLE4CyXns2fqQbyqWfs=
github.com/gohugoio/hugo-mod-jslibs-dist/popperjs/v2 v2.21100.20000/go.mod h1:mFberT6ZtcchrsDtfvJM7aAH2bDKLdOnruUHl0hlapI=
github.com/hbstack/hb v0.1.4 h1:ii6ZusrJ3TLexULedgPIQI60MeHsYL9Izrcaf5THVMg=
github.com/hbstack/hb v0.1.4/go.mod h1:MRDu9z0Iq6B3xTCS8QQ5zX0hzGKDQYMxNXm+GLXinqU=
github.com/hbstack/hb v0.2.0/go.mod h1:37E1uTMQx1Hix+VdwlWkW74fi3ct5+KlCCBywv9l3Ac=
github.com/hbstack/hb v0.3.0/go.mod h1:37E1uTMQx1Hix+VdwlWkW74fi3ct5+KlCCBywv9l3Ac=
github.com/hbstack/hb v0.4.0/go.mod h1:37E1uTMQx1Hix+VdwlWkW74fi3ct5+KlCCBywv9l3Ac=
github.com/hbstack/hb v0.5.0/go.mod h1:37E1uTMQx1Hix+VdwlWkW74fi3ct5+KlCCBywv9l3Ac=
github.com/hbstack/hb v0.5.1/go.mod h1:qlNnPNO1MRsrxxDvFMz98DMFafaBgvtAfBYiteR3i1A=
github.com/hbstack/hb v0.5.2/go.mod h1:S/08mx1tK6yxjQIkSqvpqG8HrBzMBDJq1WC5QjXW9p0=
github.com/hbstack/hb v0.6.0/go.mod h1:S/08mx1tK6yxjQIkSqvpqG8HrBzMBDJq1WC5QjXW9p0=
github.com/hbstack/hb v0.7.0/go.mod h1:S/08mx1tK6yxjQIkSqvpqG8HrBzMBDJq1WC5QjXW9p0=
github.com/hbstack/hb v0.7.1/go.mod h1:S/08mx1tK6yxjQIkSqvpqG8HrBzMBDJq1WC5QjXW9p0=
github.com/hbstack/hb v0.7.2/go.mod h1:ZOmDVAInLN3kwl/uoggHvj9e7dU5UFIcvswIGbNdq4M=
github.com/hugomods/icons v0.6.0 h1:G6RU93okhPPRDh/jqcew9gwkcYpSpg0rCBv4S6yUAFw=
github.com/hugomods/icons v0.6.0/go.mod h1:cIkSvK6W0q6N4U6n9KGz+QfRWQXAW0INd+1P31gPNGg=
github.com/hugomods/search v0.1.2 h1:WOhPTlPIGqfh3ZYKAsgPfC9pW80rW2axAE0MTErz+Uk=
github.com/hugomods/search v0.1.2/go.mod h1:DvQd/Hm/l+iPnOqH06c2F1Yk5UilWpTJwrmo12uSO/Q=
github.com/hugomods/search v0.2.0/go.mod h1:ubxewYgrPKLvsfKvvp3xIHSEQUkST8LO7R1dHZNVBAA=
github.com/hugomods/search v0.2.1/go.mod h1:ubxewYgrPKLvsfKvvp3xIHSEQUkST8LO7R1dHZNVBAA=
github.com/hugomods/search v0.3.0/go.mod h1:HAGNaRUV4YKc73pt4WEM0lxIXrbOcKHHDgy9FvC+SxY=
github.com/hugomods/search v0.3.1/go.mod h1:HAGNaRUV4YKc73pt4WEM0lxIXrbOcKHHDgy9FvC+SxY=
github.com/hugomods/search v0.4.0/go.mod h1:HAGNaRUV4YKc73pt4WEM0lxIXrbOcKHHDgy9FvC+SxY=
github.com/hugomods/search v0.4.1/go.mod h1:HAGNaRUV4YKc73pt4WEM0lxIXrbOcKHHDgy9FvC+SxY=
github.com/hugomods/search v0.4.2/go.mod h1:HAGNaRUV4YKc73pt4WEM0lxIXrbOcKHHDgy9FvC+SxY=
github.com/hugomods/search v0.4.3/go.mod h1:xdMNL0R06eMDyl8LVoFNp19lnFSNMFT+oje8j8N/WbI=
github.com/hugomods/search v0.4.4/go.mod h1:xdMNL0R06eMDyl8LVoFNp19lnFSNMFT+oje8j8N/WbI=
github.com/hugomods/search v0.4.5/go.mod h1:xdMNL0R06eMDyl8LVoFNp19lnFSNMFT+oje8j8N/WbI=
github.com/hugomods/search v0.5.0/go.mod h1:FURp5HBUm8JiuJajLk9sZ1Z1QUSJATboYEp1sFi46a4=
github.com/hugomods/search v0.6.0/go.mod h1:FURp5HBUm8JiuJajLk9sZ1Z1QUSJATboYEp1sFi46a4=
github.com/hugomods/search v0.7.0/go.mod h1:FURp5HBUm8JiuJajLk9sZ1Z1QUSJATboYEp1sFi46a4=
github.com/krisk/Fuse v6.6.2+incompatible h1:laigOpZFs/xUi9zGjVu5t19bcvzRVufoXCnPSgQZmYI=
github.com/krisk/Fuse v6.6.2+incompatible/go.mod h1:3moWv8rDjwoKic9nwiPLgZjldkbdTAbtzJHCu/Vsj4A=
github.com/krisk/Fuse v7.0.0+incompatible/go.mod h1:3moWv8rDjwoKic9nwiPLgZjldkbdTAbtzJHCu/Vsj4A=
github.com/twbs/icons v1.10.4 h1:dTJ908V3hAjfooZfF2FaXo76dEX+FV9/PMY60RNq0YY=
github.com/twbs/icons v1.10.4/go.mod h1:GnRlymgVWp5iVJCMa0Me5b6tFyGpVc2bSxPMRGIJmyA=
github.com/twbs/icons v1.10.5/go.mod h1:GnRlymgVWp5iVJCMa0Me5b6tFyGpVc2bSxPMRGIJmyA=
github.com/twbs/icons v1.11.0/go.mod h1:GnRlymgVWp5iVJCMa0Me5b6tFyGpVc2bSxPMRGIJmyA=
github.com/twbs/icons v1.11.1/go.mod h1:GnRlymgVWp5iVJCMa0Me5b6tFyGpVc2bSxPMRGIJmyA=
