github.com/gohugoio/hugo-mod-jslibs-dist/popperjs/v2 v2.21100.20000 h1:GZxx4Hc+yb0/t3/rau1j8XlAxLE4CyXns2fqQbyqWfs=
github.com/gohugoio/hugo-mod-jslibs-dist/popperjs/v2 v2.21100.20000/go.mod h1:mFberT6ZtcchrsDtfvJM7aAH2bDKLdOnruUHl0hlapI=
github.com/hbstack/hb v0.12.2 h1:zFIPi39iB68P9y5o5ckVqK4qCc/6cl7oYRvfEpQucPs=
github.com/hbstack/hb v0.12.2/go.mod h1:gwKZN1bsmMuSjEkI/l/9zJCG0Xz96h0r7Cv/WOjjNjc=
github.com/hbstack/hb v0.12.3/go.mod h1:K+8F6OQKKAVneWZKzW/Jj3vbqaG1ewFIH/P7HKNeF3o=
github.com/hbstack/hb v0.12.4/go.mod h1:FJilVCHtkVpfXZT+Ii2OFCVeu9wQh/YGgRMuPKX5ycA=
github.com/hbstack/hb v0.13.0/go.mod h1:FJilVCHtkVpfXZT+Ii2OFCVeu9wQh/YGgRMuPKX5ycA=
github.com/hugomods/hugopress v0.4.0 h1:ZNORTaUTdw3/AJdu3F280r9aM84c+tZyDQpcJOQJ7Ks=
github.com/hugomods/hugopress v0.4.0/go.mod h1:CRYvr60xOkZOf4Atkuj+uEj2EH5pjJ39Ws3aJAkoMkA=
github.com/hugomods/hugopress v0.4.1/go.mod h1:CRYvr60xOkZOf4Atkuj+uEj2EH5pjJ39Ws3aJAkoMkA=
github.com/hugomods/hugopress v0.5.0/go.mod h1:CRYvr60xOkZOf4Atkuj+uEj2EH5pjJ39Ws3aJAkoMkA=
github.com/hugomods/icons v0.6.3 h1:2Ra6NU2GOeVvz8vowLq/OZCTzxqhq84MA0TICRBVxeY=
github.com/hugomods/icons v0.6.3/go.mod h1:cIkSvK6W0q6N4U6n9KGz+QfRWQXAW0INd+1P31gPNGg=
github.com/hugomods/icons v0.6.4/go.mod h1:cIkSvK6W0q6N4U6n9KGz+QfRWQXAW0INd+1P31gPNGg=
github.com/hugomods/search v0.14.0 h1:mN52YGIaIBr2pv5NWGJiQhAVFt+lOUHDNcpbz9T4CxA=
github.com/hugomods/search v0.14.0/go.mod h1:xPnDGjP/HCdEWJrJBwwdI2mEtdxFxp+wHBwSl/r2m00=
github.com/hugomods/search v0.14.1/go.mod h1:xPnDGjP/HCdEWJrJBwwdI2mEtdxFxp+wHBwSl/r2m00=
github.com/krisk/Fuse v7.0.0+incompatible h1:jVyg6No+Joc51Rn97QQYJZIpCxzd4ywACn/4+FKWjvo=
github.com/krisk/Fuse v7.0.0+incompatible/go.mod h1:3moWv8rDjwoKic9nwiPLgZjldkbdTAbtzJHCu/Vsj4A=
github.com/twbs/icons v1.11.3 h1:XhvrQ1XDom9ggBbQx3wQCFGEr8qAQwQP/dAcw8OXMtA=
github.com/twbs/icons v1.11.3/go.mod h1:GnRlymgVWp5iVJCMa0Me5b6tFyGpVc2bSxPMRGIJmyA=
